{
  "R": {
    "Version": "4.1.2",
    "Repositories": [
      {
        "Name": "carpentries",
        "URL": "https://carpentries.r-universe.dev"
      },
      {
        "Name": "carpentries_archive",
        "URL": "https://carpentries.github.io/drat"
      },
      {
        "Name": "CRAN",
        "URL": "https://cran.rstudio.com"
      }
    ]
  },
  "Packages": {
    "MASS": {
      "Package": "MASS",
      "Version": "7.3-54",
      "Source": "Repository",
      "Repository": "CRAN",
      "Hash": "0e59129db205112e3963904db67fd0dc"
    },
    "Matrix": {
      "Package": "Matrix",
      "Version": "1.3-4",
      "Source": "Repository",
      "Repository": "CRAN",
      "Hash": "4ed05e9c9726267e4a5872e09c04587c"
    },
    "R6": {
      "Package": "R6",
      "Version": "2.5.1",
      "Source": "CRAN",
      "Repository": "RSPM",
      "RemoteType": "standard",
      "RemotePkgRef": "R6",
      "RemoteRef": "R6",
      "RemoteRepos": "https://packagemanager.rstudio.com/all/__linux__/focal/latest",
      "RemotePkgPlatform": "source",
      "RemoteSha": "2.5.1",
      "Hash": "470851b6d5d0ac559e9d01bb352b4021"
    },
    "RColorBrewer": {
      "Package": "RColorBrewer",
      "Version": "1.1-2",
      "Source": "CRAN",
      "Repository": "RSPM",
      "RemoteType": "standard",
      "RemotePkgRef": "RColorBrewer",
      "RemoteRef": "RColorBrewer",
      "RemoteRepos": "https://packagemanager.rstudio.com/all/__linux__/focal/latest",
      "RemotePkgPlatform": "source",
      "RemoteSha": "1.1-2",
      "Hash": "e031418365a7f7a766181ab5a41a5716"
    },
    "Rcpp": {
      "Package": "Rcpp",
      "Version": "1.0.7",
      "Source": "CRAN",
      "Repository": "RSPM",
      "RemoteType": "standard",
      "RemotePkgRef": "Rcpp",
      "RemoteRef": "Rcpp",
      "RemoteRepos": "https://packagemanager.rstudio.com/all/__linux__/focal/latest",
      "RemotePkgPlatform": "source",
      "RemoteSha": "1.0.7",
      "Hash": "dab19adae4440ae55aa8a9d238b246bb"
    },
    "ade4": {
      "Package": "ade4",
      "Version": "1.7-18",
      "Source": "CRAN",
      "Repository": "RSPM",
      "RemoteType": "standard",
      "RemotePkgRef": "ade4",
      "RemoteRef": "ade4",
      "RemoteRepos": "https://packagemanager.rstudio.com/all/__linux__/focal/latest",
      "RemotePkgPlatform": "source",
      "RemoteSha": "1.7-18",
      "Hash": "c492e20c0e3e8bbb05ce6f57be525897"
    },
    "adegenet": {
      "Package": "adegenet",
      "Version": "2.1.5",
      "Source": "CRAN",
      "Repository": "RSPM",
      "RemoteType": "standard",
      "RemotePkgRef": "adegenet",
      "RemoteRef": "adegenet",
      "RemoteRepos": "https://packagemanager.rstudio.com/all/__linux__/focal/latest",
      "RemotePkgPlatform": "source",
      "RemoteSha": "2.1.5",
      "Hash": "81f5a24c3abef768441a192d41686cbd"
    },
    "ape": {
      "Package": "ape",
      "Version": "5.5",
      "Source": "CRAN",
      "Repository": "RSPM",
      "RemoteType": "standard",
      "RemotePkgRef": "ape",
      "RemoteRef": "ape",
      "RemoteRepos": "https://packagemanager.rstudio.com/all/__linux__/focal/latest",
      "RemotePkgPlatform": "source",
      "RemoteSha": "5.5",
      "Hash": "8927e35d3da343034928548484e5eda7"
    },
    "base64enc": {
      "Package": "base64enc",
      "Version": "0.1-3",
      "Source": "CRAN",
      "Repository": "RSPM",
      "RemoteType": "standard",
      "RemotePkgRef": "base64enc",
      "RemoteRef": "base64enc",
      "RemoteRepos": "https://packagemanager.rstudio.com/all/__linux__/focal/latest",
      "RemotePkgPlatform": "source",
      "RemoteSha": "0.1-3",
      "Hash": "543776ae6848fde2f48ff3816d0628bc"
    },
    "boot": {
      "Package": "boot",
      "Version": "1.3-28",
      "Source": "Repository",
      "Repository": "CRAN",
      "Hash": "0baa960e3b49c6176a4f42addcbacc59"
    },
    "bslib": {
      "Package": "bslib",
      "Version": "0.3.1",
      "Source": "CRAN",
      "Repository": "RSPM",
      "RemoteType": "standard",
      "RemotePkgRef": "bslib",
      "RemoteRef": "bslib",
      "RemoteRepos": "https://packagemanager.rstudio.com/all/__linux__/focal/latest",
      "RemotePkgPlatform": "source",
      "RemoteSha": "0.3.1",
      "Hash": "56ae7e1987b340186a8a5a157c2ec358"
    },
    "cachem": {
      "Package": "cachem",
      "Version": "1.0.6",
      "Source": "CRAN",
      "Repository": "RSPM",
      "RemoteType": "standard",
      "RemotePkgRef": "cachem",
      "RemoteRef": "cachem",
      "RemoteRepos": "https://packagemanager.rstudio.com/all/__linux__/focal/latest",
      "RemotePkgPlatform": "source",
      "RemoteSha": "1.0.6",
      "Hash": "648c5b3d71e6a37e3043617489a0a0e9"
    },
    "cli": {
      "Package": "cli",
      "Version": "3.1.0",
      "Source": "CRAN",
      "Repository": "RSPM",
      "RemoteType": "standard",
      "RemotePkgRef": "cli",
      "RemoteRef": "cli",
      "RemoteRepos": "https://packagemanager.rstudio.com/all/__linux__/focal/latest",
      "RemotePkgPlatform": "source",
      "RemoteSha": "3.1.0",
      "Hash": "66a3834e54593c89d8beefb312347e58"
    },
    "cluster": {
      "Package": "cluster",
      "Version": "2.1.2",
      "Source": "Repository",
      "Repository": "CRAN",
      "Hash": "ce49bfe5bc0b3ecd43a01fe1b01c2243"
    },
    "colorspace": {
      "Package": "colorspace",
      "Version": "2.0-2",
      "Source": "CRAN",
      "Repository": "RSPM",
      "RemoteType": "standard",
      "RemotePkgRef": "colorspace",
      "RemoteRef": "colorspace",
      "RemoteRepos": "https://packagemanager.rstudio.com/all/__linux__/focal/latest",
      "RemotePkgPlatform": "source",
      "RemoteSha": "2.0-2",
      "Hash": "6baccb763ee83c0bd313460fdb8b8a84"
    },
    "commonmark": {
      "Package": "commonmark",
      "Version": "1.7",
      "Source": "CRAN",
      "Repository": "RSPM",
      "RemoteType": "standard",
      "RemotePkgRef": "commonmark",
      "RemoteRef": "commonmark",
      "RemoteRepos": "https://packagemanager.rstudio.com/all/__linux__/focal/latest",
      "RemotePkgPlatform": "source",
      "RemoteSha": "1.7",
      "Hash": "0f22be39ec1d141fd03683c06f3a6e67"
    },
    "cowsay": {
      "Package": "cowsay",
      "Version": "0.8.0",
      "Source": "CRAN",
      "Repository": "RSPM",
      "RemoteType": "standard",
      "RemotePkgRef": "cowsay",
      "RemoteRef": "cowsay",
      "RemoteRepos": "https://packagemanager.rstudio.com/all/__linux__/focal/latest",
      "RemotePkgPlatform": "source",
      "RemoteSha": "0.8.0",
      "Hash": "3c5fdcb12517c29280e6e66f77f77803"
    },
    "crayon": {
      "Package": "crayon",
      "Version": "1.4.2",
      "Source": "CRAN",
      "Repository": "RSPM",
      "RemoteType": "standard",
      "RemotePkgRef": "crayon",
      "RemoteRef": "crayon",
      "RemoteRepos": "https://packagemanager.rstudio.com/all/__linux__/focal/latest",
      "RemotePkgPlatform": "source",
      "RemoteSha": "1.4.2",
      "Hash": "0a6a65d92bd45b47b94b84244b528d17"
    },
    "curl": {
      "Package": "curl",
      "Version": "4.3.2",
      "Source": "Repository",
      "Repository": "RSPM",
      "Hash": "022c42d49c28e95d69ca60446dbabf88"
    },
    "digest": {
      "Package": "digest",
      "Version": "0.6.28",
      "Source": "CRAN",
      "Repository": "RSPM",
      "RemoteType": "standard",
      "RemotePkgRef": "digest",
      "RemoteRef": "digest",
      "RemoteRepos": "https://packagemanager.rstudio.com/all/__linux__/focal/latest",
      "RemotePkgPlatform": "source",
      "RemoteSha": "0.6.28",
      "Hash": "49b5c6e230bfec487b8917d5a0c77cca"
    },
    "dplyr": {
      "Package": "dplyr",
      "Version": "1.0.7",
      "Source": "CRAN",
      "Repository": "RSPM",
      "RemoteType": "standard",
      "RemotePkgRef": "dplyr",
      "RemoteRef": "dplyr",
      "RemoteRepos": "https://packagemanager.rstudio.com/all/__linux__/focal/latest",
      "RemotePkgPlatform": "source",
      "RemoteSha": "1.0.7",
      "Hash": "36f1ae62f026c8ba9f9b5c9a08c03297"
    },
    "ellipsis": {
      "Package": "ellipsis",
      "Version": "0.3.2",
      "Source": "CRAN",
      "Repository": "RSPM",
      "RemoteType": "standard",
      "RemotePkgRef": "ellipsis",
      "RemoteRef": "ellipsis",
      "RemoteRepos": "https://packagemanager.rstudio.com/all/__linux__/focal/latest",
      "RemotePkgPlatform": "source",
      "RemoteSha": "0.3.2",
      "Hash": "bb0eec2fe32e88d9e2836c2f73ea2077"
    },
    "evaluate": {
      "Package": "evaluate",
      "Version": "0.14",
      "Source": "CRAN",
      "Repository": "RSPM",
      "RemoteType": "standard",
      "RemotePkgRef": "evaluate",
      "RemoteRef": "evaluate",
      "RemoteRepos": "https://packagemanager.rstudio.com/all/__linux__/focal/latest",
      "RemotePkgPlatform": "source",
      "RemoteSha": "0.14",
      "Hash": "ec8ca05cffcc70569eaaad8469d2a3a7"
    },
    "fansi": {
      "Package": "fansi",
      "Version": "0.5.0",
      "Source": "CRAN",
      "Repository": "RSPM",
      "RemoteType": "standard",
      "RemotePkgRef": "fansi",
      "RemoteRef": "fansi",
      "RemoteRepos": "https://packagemanager.rstudio.com/all/__linux__/focal/latest",
      "RemotePkgPlatform": "source",
      "RemoteSha": "0.5.0",
      "Hash": "d447b40982c576a72b779f0a3b3da227"
    },
    "farver": {
      "Package": "farver",
      "Version": "2.1.0",
      "Source": "CRAN",
      "Repository": "RSPM",
      "RemoteType": "standard",
      "RemotePkgRef": "farver",
      "RemoteRef": "farver",
      "RemoteRepos": "https://packagemanager.rstudio.com/all/__linux__/focal/latest",
      "RemotePkgPlatform": "source",
      "RemoteSha": "2.1.0",
      "Hash": "c98eb5133d9cb9e1622b8691487f11bb"
    },
    "fastmap": {
      "Package": "fastmap",
      "Version": "1.1.0",
      "Source": "CRAN",
      "Repository": "RSPM",
      "RemoteType": "standard",
      "RemotePkgRef": "fastmap",
      "RemoteRef": "fastmap",
      "RemoteRepos": "https://packagemanager.rstudio.com/all/__linux__/focal/latest",
      "RemotePkgPlatform": "source",
      "RemoteSha": "1.1.0",
      "Hash": "77bd60a6157420d4ffa93b27cf6a58b8"
    },
    "fontawesome": {
      "Package": "fontawesome",
      "Version": "0.2.2",
      "Source": "CRAN",
      "Repository": "RSPM",
      "RemoteType": "standard",
      "RemotePkgRef": "fontawesome",
      "RemoteRef": "fontawesome",
      "RemoteRepos": "https://packagemanager.rstudio.com/all/__linux__/focal/latest",
      "RemotePkgPlatform": "source",
      "RemoteSha": "0.2.2",
      "Hash": "55624ed409e46c5f358b2c060be87f67"
    },
    "fortunes": {
      "Package": "fortunes",
      "Version": "1.5-4",
      "Source": "CRAN",
      "Repository": "RSPM",
      "RemoteType": "standard",
      "RemotePkgRef": "fortunes",
      "RemoteRef": "fortunes",
      "RemoteRepos": "https://packagemanager.rstudio.com/all/__linux__/focal/latest",
      "RemotePkgPlatform": "source",
      "RemoteSha": "1.5-4",
      "Hash": "d031a520bc2c989180c772dbc6851088"
    },
    "fs": {
      "Package": "fs",
      "Version": "1.5.0",
      "Source": "CRAN",
      "Repository": "RSPM",
      "RemoteType": "standard",
      "RemotePkgRef": "fs",
      "RemoteRef": "fs",
      "RemoteRepos": "https://packagemanager.rstudio.com/all/__linux__/focal/latest",
      "RemotePkgPlatform": "source",
      "RemoteSha": "1.5.0",
      "Hash": "44594a07a42e5f91fac9f93fda6d0109"
    },
    "generics": {
      "Package": "generics",
      "Version": "0.1.1",
      "Source": "CRAN",
      "Repository": "RSPM",
      "RemoteType": "standard",
      "RemotePkgRef": "generics",
      "RemoteRef": "generics",
      "RemoteRepos": "https://packagemanager.rstudio.com/all/__linux__/focal/latest",
      "RemotePkgPlatform": "source",
      "RemoteSha": "0.1.1",
      "Hash": "3f6bcfb0ee5d671d9fd1893d2faa79cb"
    },
    "ggplot2": {
      "Package": "ggplot2",
      "Version": "3.3.5",
      "Source": "CRAN",
      "Repository": "RSPM",
      "RemoteType": "standard",
      "RemotePkgRef": "ggplot2",
      "RemoteRef": "ggplot2",
      "RemoteRepos": "https://packagemanager.rstudio.com/all/__linux__/focal/latest",
      "RemotePkgPlatform": "source",
      "RemoteSha": "3.3.5",
      "Hash": "d7566c471c7b17e095dd023b9ef155ad"
    },
    "glue": {
      "Package": "glue",
      "Version": "1.4.2",
      "Source": "Repository",
      "Repository": "CRAN",
      "Hash": "6efd734b14c6471cfe443345f3e35e29"
    },
    "gtable": {
      "Package": "gtable",
      "Version": "0.3.0",
      "Source": "CRAN",
      "Repository": "RSPM",
      "RemoteType": "standard",
      "RemotePkgRef": "gtable",
      "RemoteRef": "gtable",
      "RemoteRepos": "https://packagemanager.rstudio.com/all/__linux__/focal/latest",
      "RemotePkgPlatform": "source",
      "RemoteSha": "0.3.0",
      "Hash": "ac5c6baf7822ce8732b343f14c072c4d"
    },
    "highr": {
      "Package": "highr",
      "Version": "0.9",
      "Source": "CRAN",
      "Repository": "RSPM",
      "RemoteType": "standard",
      "RemotePkgRef": "highr",
      "RemoteRef": "highr",
      "RemoteRepos": "https://packagemanager.rstudio.com/all/__linux__/focal/latest",
      "RemotePkgPlatform": "source",
      "RemoteSha": "0.9",
      "Hash": "8eb36c8125038e648e5d111c0d7b2ed4"
    },
    "htmltools": {
      "Package": "htmltools",
      "Version": "0.5.2",
      "Source": "CRAN",
      "Repository": "RSPM",
      "RemoteType": "standard",
      "RemotePkgRef": "htmltools",
      "RemoteRef": "htmltools",
      "RemoteRepos": "https://packagemanager.rstudio.com/all/__linux__/focal/latest",
      "RemotePkgPlatform": "source",
      "RemoteSha": "0.5.2",
      "Hash": "526c484233f42522278ab06fb185cb26"
    },
    "httpuv": {
      "Package": "httpuv",
      "Version": "1.6.3",
      "Source": "CRAN",
      "Repository": "RSPM",
      "RemoteType": "standard",
      "RemotePkgRef": "httpuv",
      "RemoteRef": "httpuv",
      "RemoteRepos": "https://packagemanager.rstudio.com/all/__linux__/focal/latest",
      "RemotePkgPlatform": "source",
      "RemoteSha": "1.6.3",
      "Hash": "65e865802fe6dd1bafef1dae5b80a844"
    },
    "igraph": {
      "Package": "igraph",
      "Version": "1.2.7",
      "Source": "Repository",
      "Repository": "CRAN",
      "Hash": "f1e720796423d6c08bf430fc3be0bf10"
    },
    "isoband": {
      "Package": "isoband",
      "Version": "0.2.5",
      "Source": "CRAN",
      "Repository": "RSPM",
      "RemoteType": "standard",
      "RemotePkgRef": "isoband",
      "RemoteRef": "isoband",
      "RemoteRepos": "https://packagemanager.rstudio.com/all/__linux__/focal/latest",
      "RemotePkgPlatform": "source",
      "RemoteSha": "0.2.5",
      "Hash": "7ab57a6de7f48a8dc84910d1eca42883"
    },
    "jquerylib": {
      "Package": "jquerylib",
      "Version": "0.1.4",
      "Source": "CRAN",
      "Repository": "RSPM",
      "RemoteType": "standard",
      "RemotePkgRef": "jquerylib",
      "RemoteRef": "jquerylib",
      "RemoteRepos": "https://packagemanager.rstudio.com/all/__linux__/focal/latest",
      "RemotePkgPlatform": "source",
      "RemoteSha": "0.1.4",
      "Hash": "5aab57a3bd297eee1c1d862735972182"
    },
    "jsonlite": {
      "Package": "jsonlite",
      "Version": "1.7.2",
      "Source": "CRAN",
      "Repository": "RSPM",
      "RemoteType": "standard",
      "RemotePkgRef": "jsonlite",
      "RemoteRef": "jsonlite",
      "RemoteRepos": "https://packagemanager.rstudio.com/all/__linux__/focal/latest",
      "RemotePkgPlatform": "source",
      "RemoteSha": "1.7.2",
      "Hash": "98138e0994d41508c7a6b84a0600cfcb"
    },
    "knitr": {
      "Package": "knitr",
      "Version": "1.36",
      "Source": "CRAN",
      "Repository": "RSPM",
      "RemoteType": "standard",
      "RemotePkgRef": "knitr",
      "RemoteRef": "knitr",
      "RemoteRepos": "https://packagemanager.rstudio.com/all/__linux__/focal/latest",
      "RemotePkgPlatform": "source",
      "RemoteSha": "1.36",
      "Hash": "46344b93f8854714cdf476433a59ed10"
    },
    "labeling": {
      "Package": "labeling",
      "Version": "0.4.2",
      "Source": "CRAN",
      "Repository": "RSPM",
      "RemoteType": "standard",
      "RemotePkgRef": "labeling",
      "RemoteRef": "labeling",
      "RemoteRepos": "https://packagemanager.rstudio.com/all/__linux__/focal/latest",
      "RemotePkgPlatform": "source",
      "RemoteSha": "0.4.2",
      "Hash": "3d5108641f47470611a32d0bdf357a72"
    },
    "later": {
      "Package": "later",
      "Version": "1.3.0",
      "Source": "CRAN",
      "Repository": "RSPM",
      "RemoteType": "standard",
      "RemotePkgRef": "later",
      "RemoteRef": "later",
      "RemoteRepos": "https://packagemanager.rstudio.com/all/__linux__/focal/latest",
      "RemotePkgPlatform": "source",
      "RemoteSha": "1.3.0",
      "Hash": "7e7b457d7766bc47f2a5f21cc2984f8e"
    },
    "lattice": {
      "Package": "lattice",
      "Version": "0.20-45",
      "Source": "Repository",
      "Repository": "CRAN",
      "Hash": "b64cdbb2b340437c4ee047a1f4c4377b"
    },
    "lifecycle": {
      "Package": "lifecycle",
      "Version": "1.0.1",
      "Source": "CRAN",
      "Repository": "RSPM",
      "RemoteType": "standard",
      "RemotePkgRef": "lifecycle",
      "RemoteRef": "lifecycle",
      "RemoteRepos": "https://packagemanager.rstudio.com/all/__linux__/focal/latest",
      "RemotePkgPlatform": "source",
      "RemoteSha": "1.0.1",
      "Hash": "a6b6d352e3ed897373ab19d8395c98d0"
    },
    "magrittr": {
      "Package": "magrittr",
      "Version": "2.0.1",
      "Source": "CRAN",
      "Repository": "RSPM",
      "RemoteType": "standard",
      "RemotePkgRef": "magrittr",
      "RemoteRef": "magrittr",
      "RemoteRepos": "https://packagemanager.rstudio.com/all/__linux__/focal/latest",
      "RemotePkgPlatform": "source",
      "RemoteSha": "2.0.1",
      "Hash": "41287f1ac7d28a92f0a286ed507928d3"
    },
    "mgcv": {
      "Package": "mgcv",
      "Version": "1.8-38",
      "Source": "Repository",
      "Repository": "CRAN",
      "Hash": "be3c61ffbb1e3d3b3df214d192ac5444"
    },
    "mime": {
      "Package": "mime",
      "Version": "0.12",
      "Source": "CRAN",
      "Repository": "RSPM",
      "RemoteType": "standard",
      "RemotePkgRef": "mime",
      "RemoteRef": "mime",
      "RemoteRepos": "https://packagemanager.rstudio.com/all/__linux__/focal/latest",
      "RemotePkgPlatform": "source",
      "RemoteSha": "0.12",
      "Hash": "18e9c28c1d3ca1560ce30658b22ce104"
    },
    "munsell": {
      "Package": "munsell",
      "Version": "0.5.0",
      "Source": "CRAN",
      "Repository": "RSPM",
      "RemoteType": "standard",
      "RemotePkgRef": "munsell",
      "RemoteRef": "munsell",
      "RemoteRepos": "https://packagemanager.rstudio.com/all/__linux__/focal/latest",
      "RemotePkgPlatform": "source",
      "RemoteSha": "0.5.0",
      "Hash": "6dfe8bf774944bd5595785e3229d8771"
    },
    "nlme": {
      "Package": "nlme",
      "Version": "3.1-153",
      "Source": "Repository",
      "Repository": "CRAN",
      "Hash": "2d632e0d963a653a0329756ce701ecdd"
    },
    "pegas": {
      "Package": "pegas",
      "Version": "1.0-1",
      "Source": "CRAN",
      "Repository": "RSPM",
      "RemoteType": "standard",
      "RemotePkgRef": "pegas",
      "RemoteRef": "pegas",
      "RemoteRepos": "https://packagemanager.rstudio.com/all/__linux__/focal/latest",
      "RemotePkgPlatform": "source",
      "RemoteSha": "1.0-1",
      "Hash": "2c92720fd1ad857bacea71345d5af94a"
    },
    "permute": {
      "Package": "permute",
      "Version": "0.9-5",
      "Source": "CRAN",
      "Repository": "RSPM",
      "RemoteType": "standard",
      "RemotePkgRef": "permute",
      "RemoteRef": "permute",
      "RemoteRepos": "https://packagemanager.rstudio.com/all/__linux__/focal/latest",
      "RemotePkgPlatform": "source",
      "RemoteSha": "0.9-5",
      "Hash": "e367efa1f0d52cb753bdb9163b63f528"
    },
    "pillar": {
      "Package": "pillar",
      "Version": "1.6.4",
      "Source": "CRAN",
      "Repository": "RSPM",
      "RemoteType": "standard",
      "RemotePkgRef": "pillar",
      "RemoteRef": "pillar",
      "RemoteRepos": "https://packagemanager.rstudio.com/all/__linux__/focal/latest",
      "RemotePkgPlatform": "source",
      "RemoteSha": "1.6.4",
      "Hash": "60200b6aa32314ac457d3efbb5ccbd98"
    },
    "pixmap": {
      "Package": "pixmap",
      "Version": "0.4-12",
      "Source": "CRAN",
      "Repository": "RSPM",
      "RemoteType": "standard",
      "RemotePkgRef": "pixmap",
      "RemoteRef": "pixmap",
      "RemoteRepos": "https://packagemanager.rstudio.com/all/__linux__/focal/latest",
      "RemotePkgPlatform": "source",
      "RemoteSha": "0.4-12",
      "Hash": "ff0e0b97265ced0db4d13d0005334d78"
    },
    "pkgconfig": {
      "Package": "pkgconfig",
      "Version": "2.0.3",
      "Source": "CRAN",
      "Repository": "RSPM",
      "RemoteType": "standard",
      "RemotePkgRef": "pkgconfig",
      "RemoteRef": "pkgconfig",
      "RemoteRepos": "https://packagemanager.rstudio.com/all/__linux__/focal/latest",
      "RemotePkgPlatform": "source",
      "RemoteSha": "2.0.3",
      "Hash": "01f28d4278f15c76cddbea05899c5d6f"
    },
    "plyr": {
      "Package": "plyr",
      "Version": "1.8.6",
      "Source": "CRAN",
      "Repository": "RSPM",
      "RemoteType": "standard",
      "RemotePkgRef": "plyr",
      "RemoteRef": "plyr",
      "RemoteRepos": "https://packagemanager.rstudio.com/all/__linux__/focal/latest",
      "RemotePkgPlatform": "source",
      "RemoteSha": "1.8.6",
      "Hash": "ec0e5ab4e5f851f6ef32cd1d1984957f"
    },
    "polysat": {
      "Package": "polysat",
      "Version": "1.7-5",
      "Source": "CRAN",
      "Repository": "RSPM",
      "RemoteType": "standard",
      "RemotePkgRef": "polysat",
      "RemoteRef": "polysat",
      "RemoteRepos": "https://packagemanager.rstudio.com/all/__linux__/focal/latest",
      "RemotePkgPlatform": "source",
      "RemoteSha": "1.7-5",
      "Hash": "1ce2a12e9530b883261ea169526a7201"
    },
    "poppr": {
      "Package": "poppr",
      "Version": "2.9.3",
      "Source": "CRAN",
      "Repository": "RSPM",
      "RemoteType": "standard",
      "RemotePkgRef": "poppr",
      "RemoteRef": "poppr",
      "RemoteRepos": "https://packagemanager.rstudio.com/all/__linux__/focal/latest",
      "RemotePkgPlatform": "source",
      "RemoteSha": "2.9.3",
      "Hash": "6c359d4eb4e54c01f8a2661e3c188262"
    },
    "progressr": {
      "Package": "progressr",
      "Version": "0.9.0",
      "Source": "CRAN",
      "Repository": "RSPM",
      "RemoteType": "standard",
      "RemotePkgRef": "progressr",
      "RemoteRef": "progressr",
      "RemoteRepos": "https://packagemanager.rstudio.com/all/__linux__/focal/latest",
      "RemotePkgPlatform": "source",
      "RemoteSha": "0.9.0",
      "Hash": "ca0d80ecc29903f7579edbabd91f4199"
    },
    "promises": {
      "Package": "promises",
      "Version": "1.2.0.1",
      "Source": "CRAN",
      "Repository": "RSPM",
      "RemoteType": "standard",
      "RemotePkgRef": "promises",
      "RemoteRef": "promises",
      "RemoteRepos": "https://packagemanager.rstudio.com/all/__linux__/focal/latest",
      "RemotePkgPlatform": "source",
      "RemoteSha": "1.2.0.1",
      "Hash": "4ab2c43adb4d4699cf3690acd378d75d"
    },
    "purrr": {
      "Package": "purrr",
      "Version": "0.3.4",
      "Source": "CRAN",
      "Repository": "RSPM",
      "RemoteType": "standard",
      "RemotePkgRef": "purrr",
      "RemoteRef": "purrr",
      "RemoteRepos": "https://packagemanager.rstudio.com/all/__linux__/focal/latest",
      "RemotePkgPlatform": "source",
      "RemoteSha": "0.3.4",
      "Hash": "97def703420c8ab10d8f0e6c72101e02"
    },
    "rappdirs": {
      "Package": "rappdirs",
      "Version": "0.3.3",
      "Source": "CRAN",
      "Repository": "RSPM",
      "RemoteType": "standard",
      "RemotePkgRef": "rappdirs",
      "RemoteRef": "rappdirs",
      "RemoteRepos": "https://packagemanager.rstudio.com/all/__linux__/focal/latest",
      "RemotePkgPlatform": "source",
      "RemoteSha": "0.3.3",
      "Hash": "5e3c5dc0b071b21fa128676560dbe94d"
    },
    "renv": {
      "Package": "renv",
      "Version": "0.14.0",
      "Source": "Repository",
      "Repository": "CRAN",
      "Hash": "30e5eba91b67f7f4d75d31de14bbfbdc"
    },
    "reshape2": {
      "Package": "reshape2",
      "Version": "1.4.4",
      "Source": "CRAN",
      "Repository": "RSPM",
      "RemoteType": "standard",
      "RemotePkgRef": "reshape2",
      "RemoteRef": "reshape2",
      "RemoteRepos": "https://packagemanager.rstudio.com/all/__linux__/focal/latest",
      "RemotePkgPlatform": "source",
      "RemoteSha": "1.4.4",
      "Hash": "bb5996d0bd962d214a11140d77589917"
    },
    "rlang": {
      "Package": "rlang",
      "Version": "0.4.12",
      "Source": "CRAN",
      "Repository": "RSPM",
      "RemoteType": "standard",
      "RemotePkgRef": "rlang",
      "RemoteRef": "rlang",
      "RemoteRepos": "https://packagemanager.rstudio.com/all/__linux__/focal/latest",
      "RemotePkgPlatform": "source",
      "RemoteSha": "0.4.12",
      "Hash": "0879f5388fe6e4d56d7ef0b7ccb031e5"
    },
    "rmarkdown": {
      "Package": "rmarkdown",
      "Version": "2.11",
      "Source": "CRAN",
      "Repository": "RSPM",
      "RemoteType": "standard",
      "RemotePkgRef": "rmarkdown",
      "RemoteRef": "rmarkdown",
      "RemoteRepos": "https://packagemanager.rstudio.com/all/__linux__/focal/latest",
      "RemotePkgPlatform": "source",
      "RemoteSha": "2.11",
      "Hash": "320017b52d05a943981272b295750388"
    },
    "rmsfact": {
      "Package": "rmsfact",
      "Version": "0.0.3",
      "Source": "CRAN",
      "Repository": "RSPM",
      "RemoteType": "standard",
      "RemotePkgRef": "rmsfact",
      "RemoteRef": "rmsfact",
      "RemoteRepos": "https://packagemanager.rstudio.com/all/__linux__/focal/latest",
      "RemotePkgPlatform": "source",
      "RemoteSha": "0.0.3",
      "Hash": "9e53733ec853fb8e5f2c74420c66e10b"
    },
    "sass": {
      "Package": "sass",
      "Version": "0.4.0",
      "Source": "CRAN",
      "Repository": "RSPM",
      "RemoteType": "standard",
      "RemotePkgRef": "sass",
      "RemoteRef": "sass",
      "RemoteRepos": "https://packagemanager.rstudio.com/all/__linux__/focal/latest",
      "RemotePkgPlatform": "source",
      "RemoteSha": "0.4.0",
      "Hash": "50cf822feb64bb3977bda0b7091be623"
    },
    "scales": {
      "Package": "scales",
      "Version": "1.1.1",
      "Source": "CRAN",
      "Repository": "RSPM",
      "RemoteType": "standard",
      "RemotePkgRef": "scales",
      "RemoteRef": "scales",
      "RemoteRepos": "https://packagemanager.rstudio.com/all/__linux__/focal/latest",
      "RemotePkgPlatform": "source",
      "RemoteSha": "1.1.1",
      "Hash": "6f76f71042411426ec8df6c54f34e6dd"
    },
    "segmented": {
      "Package": "segmented",
      "Version": "1.3-4",
      "Source": "CRAN",
      "Repository": "RSPM",
      "RemoteType": "standard",
      "RemotePkgRef": "segmented",
      "RemoteRef": "segmented",
      "RemoteRepos": "https://packagemanager.rstudio.com/all/__linux__/focal/latest",
      "RemotePkgPlatform": "source",
      "RemoteSha": "1.3-4",
      "Hash": "69c8364de576f1e4455800d6183fc88e"
    },
    "seqinr": {
      "Package": "seqinr",
      "Version": "4.2-8",
      "Source": "CRAN",
      "Repository": "RSPM",
      "RemoteType": "standard",
      "RemotePkgRef": "seqinr",
      "RemoteRef": "seqinr",
      "RemoteRepos": "https://packagemanager.rstudio.com/all/__linux__/focal/latest",
      "RemotePkgPlatform": "source",
      "RemoteSha": "4.2-8",
      "Hash": "487529ff4c174fb9a83d6ffce74f9d62"
    },
    "sessioninfo": {
      "Package": "sessioninfo",
      "Version": "1.2.0",
      "Source": "Repository",
      "Repository": "CRAN",
      "Hash": "4fa10d9aacf76ddf2889dd8baed6bc7b"
    },
    "shiny": {
      "Package": "shiny",
      "Version": "1.7.1",
      "Source": "CRAN",
      "Repository": "RSPM",
      "RemoteType": "standard",
      "RemotePkgRef": "shiny",
      "RemoteRef": "shiny",
      "RemoteRepos": "https://packagemanager.rstudio.com/all/__linux__/focal/latest",
      "RemotePkgPlatform": "source",
      "RemoteSha": "1.7.1",
      "Hash": "00344c227c7bd0ab5d78052c5d736c44"
    },
    "sourcetools": {
      "Package": "sourcetools",
      "Version": "0.1.7",
      "Source": "CRAN",
      "Repository": "RSPM",
      "RemoteType": "standard",
      "RemotePkgRef": "sourcetools",
      "RemoteRef": "sourcetools",
      "RemoteRepos": "https://packagemanager.rstudio.com/all/__linux__/focal/latest",
      "RemotePkgPlatform": "source",
      "RemoteSha": "0.1.7",
      "Hash": "947e4e02a79effa5d512473e10f41797"
    },
    "sp": {
      "Package": "sp",
      "Version": "1.4-5",
      "Source": "Repository",
      "Repository": "CRAN",
      "Hash": "dfd843ee98246cf932823acf613b05dd"
    },
    "stringi": {
      "Package": "stringi",
      "Version": "1.7.5",
      "Source": "Repository",
      "Repository": "https://carpentries.r-universe.dev",
      "RemoteType": "repository",
      "RemoteUrl": "https://github.com/gagolews/stringi",
      "RemoteRef": "HEAD",
      "RemoteSha": "dfc45538a25f2379e70d6c15aa44df644d2bb4e1",
      "Hash": "32e15ed392387df2e46ac6ff23be37ca"
    },
    "stringr": {
      "Package": "stringr",
      "Version": "1.4.0",
      "Source": "CRAN",
      "Repository": "RSPM",
      "RemoteType": "standard",
      "RemotePkgRef": "stringr",
      "RemoteRef": "stringr",
      "RemoteRepos": "https://packagemanager.rstudio.com/all/__linux__/focal/latest",
      "RemotePkgPlatform": "source",
      "RemoteSha": "1.4.0",
      "Hash": "0759e6b6c0957edb1311028a49a35e76"
    },
    "tibble": {
      "Package": "tibble",
      "Version": "3.1.5",
      "Source": "Repository",
      "Repository": "CRAN",
      "Hash": "36eb05ad4cfdfeaa56f5a9b2a1311efd"
    },
    "tidyselect": {
      "Package": "tidyselect",
      "Version": "1.1.1",
      "Source": "CRAN",
      "Repository": "RSPM",
      "RemoteType": "standard",
      "RemotePkgRef": "tidyselect",
      "RemoteRef": "tidyselect",
      "RemoteRepos": "https://packagemanager.rstudio.com/all/__linux__/focal/latest",
      "RemotePkgPlatform": "source",
      "RemoteSha": "1.1.1",
      "Hash": "7243004a708d06d4716717fa1ff5b2fe"
    },
    "tinytex": {
      "Package": "tinytex",
      "Version": "0.34",
      "Source": "CRAN",
      "Repository": "CRAN",
      "RemoteType": "standard",
      "RemotePkgRef": "tinytex",
      "RemoteRef": "tinytex",
      "RemoteRepos": "https://cran.rstudio.com",
      "RemotePkgPlatform": "source",
      "RemoteSha": "0.34",
      "Hash": "043daa786f4d254f0031534150e28d42"
    },
    "utf8": {
      "Package": "utf8",
      "Version": "1.2.2",
      "Source": "CRAN",
      "Repository": "RSPM",
      "RemoteType": "standard",
      "RemotePkgRef": "utf8",
      "RemoteRef": "utf8",
      "RemoteRepos": "https://packagemanager.rstudio.com/all/__linux__/focal/latest",
      "RemotePkgPlatform": "source",
      "RemoteSha": "1.2.2",
      "Hash": "c9c462b759a5cc844ae25b5942654d13"
    },
    "vctrs": {
      "Package": "vctrs",
      "Version": "0.3.8",
      "Source": "CRAN",
      "Repository": "RSPM",
      "RemoteType": "standard",
      "RemotePkgRef": "vctrs",
      "RemoteRef": "vctrs",
      "RemoteRepos": "https://packagemanager.rstudio.com/all/__linux__/focal/latest",
      "RemotePkgPlatform": "source",
      "RemoteSha": "0.3.8",
      "Hash": "ecf749a1b39ea72bd9b51b76292261f1"
    },
    "vegan": {
      "Package": "vegan",
      "Version": "2.5-7",
      "Source": "CRAN",
      "Repository": "RSPM",
      "RemoteType": "standard",
      "RemotePkgRef": "vegan",
      "RemoteRef": "vegan",
      "RemoteRepos": "https://packagemanager.rstudio.com/all/__linux__/focal/latest",
      "RemotePkgPlatform": "source",
      "RemoteSha": "2.5-7",
      "Hash": "01771d8de354fa30c87c68e599e2429b"
    },
    "viridisLite": {
      "Package": "viridisLite",
      "Version": "0.4.0",
      "Source": "CRAN",
      "Repository": "RSPM",
      "RemoteType": "standard",
      "RemotePkgRef": "viridisLite",
      "RemoteRef": "viridisLite",
      "RemoteRepos": "https://packagemanager.rstudio.com/all/__linux__/focal/latest",
      "RemotePkgPlatform": "source",
      "RemoteSha": "0.4.0",
      "Hash": "55e157e2aa88161bdb0754218470d204"
    },
    "withr": {
      "Package": "withr",
      "Version": "2.4.2",
      "Source": "CRAN",
      "Repository": "RSPM",
      "RemoteType": "standard",
      "RemotePkgRef": "withr",
      "RemoteRef": "withr",
      "RemoteRepos": "https://packagemanager.rstudio.com/all/__linux__/focal/latest",
      "RemotePkgPlatform": "source",
      "RemoteSha": "2.4.2",
      "Hash": "ad03909b44677f930fa156d47d7a3aeb"
    },
    "xfun": {
      "Package": "xfun",
      "Version": "0.27",
      "Source": "Repository",
      "Repository": "CRAN",
      "Hash": "12b69332f085d350fc1f2ea6cca58397"
    },
    "xtable": {
      "Package": "xtable",
      "Version": "1.8-4",
      "Source": "CRAN",
      "Repository": "RSPM",
      "RemoteType": "standard",
      "RemotePkgRef": "xtable",
      "RemoteRef": "xtable",
      "RemoteRepos": "https://packagemanager.rstudio.com/all/__linux__/focal/latest",
      "RemotePkgPlatform": "source",
      "RemoteSha": "1.8-4",
      "Hash": "b8acdf8af494d9ec19ccb2481a9b11c2"
    },
    "yaml": {
      "Package": "yaml",
      "Version": "2.2.1",
      "Source": "CRAN",
      "Repository": "RSPM",
      "RemoteType": "standard",
      "RemotePkgRef": "yaml",
      "RemoteRef": "yaml",
      "RemoteRepos": "https://packagemanager.rstudio.com/all/__linux__/focal/latest",
      "RemotePkgPlatform": "source",
      "RemoteSha": "2.2.1",
      "Hash": "2826c5d9efb0a88f657c7a679c7106db"
    }
  }
}
